
Microsoft Visual Studio Solution File, Format Version 12.00
# Visual Studio Version 16
VisualStudioVersion = 16.0.29905.134
MinimumVisualStudioVersion = 10.0.40219.1
Project("{FAE04EC0-301F-11D3-BF4B-00C04F79EFBC}") = "FlightMobileApp", "FlightMobileApp\FlightMobileApp.csproj", "{F924D011-DCBA-412C-B4C1-3E62BC940EB5}"
EndProject
Global
	GlobalSection(SolutionConfigurationPlatforms) = preSolution
		Debug|Any CPU = Debug|Any CPU
		Release|Any CPU = Release|Any CPU
	EndGlobalSection
	GlobalSection(ProjectConfigurationPlatforms) = postSolution
		{F924D011-DCBA-412C-B4C1-3E62BC940EB5}.Debug|Any CPU.ActiveCfg = Debug|Any CPU
		{F924D011-DCBA-412C-B4C1-3E62BC940EB5}.Debug|Any CPU.Build.0 = Debug|Any CPU
		{F924D011-DCBA-412C-B4C1-3E62BC940EB5}.Release|Any CPU.ActiveCfg = Release|Any CPU
		{F924D011-DCBA-412C-B4C1-3E62BC940EB5}.Release|Any CPU.Build.0 = Release|Any CPU
	EndGlobalSection
	GlobalSection(SolutionProperties) = preSolution
		HideSolutionNode = FALSE
	EndGlobalSection
	GlobalSection(ExtensibilityGlobals) = postSolution
		SolutionGuid = {17E65B75-BF25-43B1-A7D1-0E6185684E97}
	EndGlobalSection
EndGlobal
